
Microsoft Visual Studio Solution File, Format Version 12.00
# Visual Studio Version 17
VisualStudioVersion = 17.4.33403.182
MinimumVisualStudioVersion = 10.0.40219.1
Project("{FAE04EC0-301F-11D3-BF4B-00C04F79EFBC}") = "TestApp2", "TestApp2\TestApp2.csproj", "{20369743-CE6B-4854-A7C3-72116848101C}"
EndProject
Global
	GlobalSection(SolutionConfigurationPlatforms) = preSolution
		Debug|Any CPU = Debug|Any CPU
		Release|Any CPU = Release|Any CPU
	EndGlobalSection
	GlobalSection(ProjectConfigurationPlatforms) = postSolution
		{20369743-CE6B-4854-A7C3-72116848101C}.Debug|Any CPU.ActiveCfg = Debug|Any CPU
		{20369743-CE6B-4854-A7C3-72116848101C}.Debug|Any CPU.Build.0 = Debug|Any CPU
		{20369743-CE6B-4854-A7C3-72116848101C}.Release|Any CPU.ActiveCfg = Release|Any CPU
		{20369743-CE6B-4854-A7C3-72116848101C}.Release|Any CPU.Build.0 = Release|Any CPU
	EndGlobalSection
	GlobalSection(SolutionProperties) = preSolution
		HideSolutionNode = FALSE
	EndGlobalSection
	GlobalSection(ExtensibilityGlobals) = postSolution
		SolutionGuid = {B0F913C5-BE6F-419D-9FCE-85391F8ED957}
	EndGlobalSection
EndGlobal
